
Microsoft Visual Studio Solution File, Format Version 12.00
# Visual Studio Version 17
VisualStudioVersion = 17.1.32328.378
MinimumVisualStudioVersion = 10.0.40219.1
Project("{8BC9CEB8-8B4A-11D0-8D11-00A0C91BC942}") = "VocalShaper_App", "VocalShaper_App.vcxproj", "{7F05FCA0-AD24-B462-B1C7-DCFFE82201AF}"
	ProjectSection(ProjectDependencies) = postProject
		{15D98CD7-B609-4CEB-8BE1-32F6633BF65D} = {15D98CD7-B609-4CEB-8BE1-32F6633BF65D}
		{D2BDE30B-191E-4F3A-B564-ACD9DA809AE7} = {D2BDE30B-191E-4F3A-B564-ACD9DA809AE7}
	EndProjectSection
EndProject
Project("{8BC9CEB8-8B4A-11D0-8D11-00A0C91BC942}") = "VocalSharp.VocalShaper.Main", "Modules\VocalSharp.VocalShaper.Main\VocalSharp.VocalShaper.Main.vcxproj", "{15D98CD7-B609-4CEB-8BE1-32F6633BF65D}"
	ProjectSection(ProjectDependencies) = postProject
		{D2BDE30B-191E-4F3A-B564-ACD9DA809AE7} = {D2BDE30B-191E-4F3A-B564-ACD9DA809AE7}
	EndProjectSection
EndProject
Project("{8BC9CEB8-8B4A-11D0-8D11-00A0C91BC942}") = "JUCE_Library", "JUCE_Library\JUCE_Library.vcxproj", "{D2BDE30B-191E-4F3A-B564-ACD9DA809AE7}"
EndProject
Global
	GlobalSection(SolutionConfigurationPlatforms) = preSolution
		Debug|x64 = Debug|x64
		Debug|x86 = Debug|x86
		Release|x64 = Release|x64
		Release|x86 = Release|x86
	EndGlobalSection
	GlobalSection(ProjectConfigurationPlatforms) = postSolution
		{7F05FCA0-AD24-B462-B1C7-DCFFE82201AF}.Debug|x64.ActiveCfg = Debug|x64
		{7F05FCA0-AD24-B462-B1C7-DCFFE82201AF}.Debug|x64.Build.0 = Debug|x64
		{7F05FCA0-AD24-B462-B1C7-DCFFE82201AF}.Debug|x86.ActiveCfg = Debug|x64
		{7F05FCA0-AD24-B462-B1C7-DCFFE82201AF}.Debug|x86.Build.0 = Debug|x64
		{7F05FCA0-AD24-B462-B1C7-DCFFE82201AF}.Release|x64.ActiveCfg = Release|x64
		{7F05FCA0-AD24-B462-B1C7-DCFFE82201AF}.Release|x64.Build.0 = Release|x64
		{7F05FCA0-AD24-B462-B1C7-DCFFE82201AF}.Release|x86.ActiveCfg = Release|x64
		{7F05FCA0-AD24-B462-B1C7-DCFFE82201AF}.Release|x86.Build.0 = Release|x64
		{15D98CD7-B609-4CEB-8BE1-32F6633BF65D}.Debug|x64.ActiveCfg = Debug|x64
		{15D98CD7-B609-4CEB-8BE1-32F6633BF65D}.Debug|x64.Build.0 = Debug|x64
		{15D98CD7-B609-4CEB-8BE1-32F6633BF65D}.Debug|x86.ActiveCfg = Debug|Win32
		{15D98CD7-B609-4CEB-8BE1-32F6633BF65D}.Debug|x86.Build.0 = Debug|Win32
		{15D98CD7-B609-4CEB-8BE1-32F6633BF65D}.Release|x64.ActiveCfg = Release|x64
		{15D98CD7-B609-4CEB-8BE1-32F6633BF65D}.Release|x64.Build.0 = Release|x64
		{15D98CD7-B609-4CEB-8BE1-32F6633BF65D}.Release|x86.ActiveCfg = Release|Win32
		{15D98CD7-B609-4CEB-8BE1-32F6633BF65D}.Release|x86.Build.0 = Release|Win32
		{D2BDE30B-191E-4F3A-B564-ACD9DA809AE7}.Debug|x64.ActiveCfg = Debug|x64
		{D2BDE30B-191E-4F3A-B564-ACD9DA809AE7}.Debug|x64.Build.0 = Debug|x64
		{D2BDE30B-191E-4F3A-B564-ACD9DA809AE7}.Debug|x86.ActiveCfg = Debug|Win32
		{D2BDE30B-191E-4F3A-B564-ACD9DA809AE7}.Debug|x86.Build.0 = Debug|Win32
		{D2BDE30B-191E-4F3A-B564-ACD9DA809AE7}.Release|x64.ActiveCfg = Release|x64
		{D2BDE30B-191E-4F3A-B564-ACD9DA809AE7}.Release|x64.Build.0 = Release|x64
		{D2BDE30B-191E-4F3A-B564-ACD9DA809AE7}.Release|x86.ActiveCfg = Release|Win32
		{D2BDE30B-191E-4F3A-B564-ACD9DA809AE7}.Release|x86.Build.0 = Release|Win32
	EndGlobalSection
	GlobalSection(SolutionProperties) = preSolution
		HideSolutionNode = FALSE
	EndGlobalSection
	GlobalSection(ExtensibilityGlobals) = postSolution
		SolutionGuid = {74268AE9-80CF-46F9-B00A-ECA9306D0B23}
	EndGlobalSection
EndGlobal
